
Microsoft Visual Studio Solution File, Format Version 12.00
# Visual Studio Version 17
VisualStudioVersion = 17.0.31903.59
MinimumVisualStudioVersion = 10.0.40219.1
Project("{2150E333-8FDC-42A3-9474-1A3956D46DE8}") = "src", "src", "{827E0CD3-B72D-47B6-A68D-7590B98EB39B}"
EndProject
Project("{FAE04EC0-301F-11D3-BF4B-00C04F79EFBC}") = "SsoGeminiLogin.Api", "src\SsoGeminiLogin.Api\SsoGeminiLogin.Api.csproj", "{EC94E638-B1AE-4DA1-8B05-184143FF88B9}"
EndProject
Project("{2150E333-8FDC-42A3-9474-1A3956D46DE8}") = "test", "test", "{0C88DD14-F956-CE84-757C-A364CCF449FC}"
EndProject
Project("{2150E333-8FDC-42A3-9474-1A3956D46DE8}") = "unittest", "unittest", "{0F6ED6C5-93F1-722C-6DA7-9369A4E5B065}"
EndProject
Project("{FAE04EC0-301F-11D3-BF4B-00C04F79EFBC}") = "SsoGeminiLogin.Api.UnitTest", "test\unittest\SsoGeminiLogin.Api.UnitTest\SsoGeminiLogin.Api.UnitTest.csproj", "{B5234FD2-6BC9-4C7A-8F82-D423EF9EF083}"
EndProject
Project("{2150E333-8FDC-42A3-9474-1A3956D46DE8}") = "integrationtest", "integrationtest", "{A9E3DA43-AB66-7F0A-6B42-193660DA0E1D}"
EndProject
Project("{FAE04EC0-301F-11D3-BF4B-00C04F79EFBC}") = "SsoGeminiLogin.Api.IntegrationTest", "test\integrationtest\SsoGeminiLogin.Api.IntegrationTest\SsoGeminiLogin.Api.IntegrationTest.csproj", "{328B3E4D-C3F7-4394-BD74-78497E2D6490}"
EndProject
Project("{FAE04EC0-301F-11D3-BF4B-00C04F79EFBC}") = "SsoGeminiLogin.Agent", "src\SsoGeminiLogin.Agent\SsoGeminiLogin.Agent.csproj", "{72339CB7-609C-4651-81A9-7A68974AC5F9}"
EndProject
Global
	GlobalSection(SolutionConfigurationPlatforms) = preSolution
		Debug|Any CPU = Debug|Any CPU
		Debug|x64 = Debug|x64
		Debug|x86 = Debug|x86
		Release|Any CPU = Release|Any CPU
		Release|x64 = Release|x64
		Release|x86 = Release|x86
	EndGlobalSection
	GlobalSection(ProjectConfigurationPlatforms) = postSolution
		{EC94E638-B1AE-4DA1-8B05-184143FF88B9}.Debug|Any CPU.ActiveCfg = Debug|Any CPU
		{EC94E638-B1AE-4DA1-8B05-184143FF88B9}.Debug|Any CPU.Build.0 = Debug|Any CPU
		{EC94E638-B1AE-4DA1-8B05-184143FF88B9}.Debug|x64.ActiveCfg = Debug|Any CPU
		{EC94E638-B1AE-4DA1-8B05-184143FF88B9}.Debug|x64.Build.0 = Debug|Any CPU
		{EC94E638-B1AE-4DA1-8B05-184143FF88B9}.Debug|x86.ActiveCfg = Debug|Any CPU
		{EC94E638-B1AE-4DA1-8B05-184143FF88B9}.Debug|x86.Build.0 = Debug|Any CPU
		{EC94E638-B1AE-4DA1-8B05-184143FF88B9}.Release|Any CPU.ActiveCfg = Release|Any CPU
		{EC94E638-B1AE-4DA1-8B05-184143FF88B9}.Release|Any CPU.Build.0 = Release|Any CPU
		{EC94E638-B1AE-4DA1-8B05-184143FF88B9}.Release|x64.ActiveCfg = Release|Any CPU
		{EC94E638-B1AE-4DA1-8B05-184143FF88B9}.Release|x64.Build.0 = Release|Any CPU
		{EC94E638-B1AE-4DA1-8B05-184143FF88B9}.Release|x86.ActiveCfg = Release|Any CPU
		{EC94E638-B1AE-4DA1-8B05-184143FF88B9}.Release|x86.Build.0 = Release|Any CPU
		{B5234FD2-6BC9-4C7A-8F82-D423EF9EF083}.Debug|Any CPU.ActiveCfg = Debug|Any CPU
		{B5234FD2-6BC9-4C7A-8F82-D423EF9EF083}.Debug|Any CPU.Build.0 = Debug|Any CPU
		{B5234FD2-6BC9-4C7A-8F82-D423EF9EF083}.Debug|x64.ActiveCfg = Debug|Any CPU
		{B5234FD2-6BC9-4C7A-8F82-D423EF9EF083}.Debug|x64.Build.0 = Debug|Any CPU
		{B5234FD2-6BC9-4C7A-8F82-D423EF9EF083}.Debug|x86.ActiveCfg = Debug|Any CPU
		{B5234FD2-6BC9-4C7A-8F82-D423EF9EF083}.Debug|x86.Build.0 = Debug|Any CPU
		{B5234FD2-6BC9-4C7A-8F82-D423EF9EF083}.Release|Any CPU.ActiveCfg = Release|Any CPU
		{B5234FD2-6BC9-4C7A-8F82-D423EF9EF083}.Release|Any CPU.Build.0 = Release|Any CPU
		{B5234FD2-6BC9-4C7A-8F82-D423EF9EF083}.Release|x64.ActiveCfg = Release|Any CPU
		{B5234FD2-6BC9-4C7A-8F82-D423EF9EF083}.Release|x64.Build.0 = Release|Any CPU
		{B5234FD2-6BC9-4C7A-8F82-D423EF9EF083}.Release|x86.ActiveCfg = Release|Any CPU
		{B5234FD2-6BC9-4C7A-8F82-D423EF9EF083}.Release|x86.Build.0 = Release|Any CPU
		{328B3E4D-C3F7-4394-BD74-78497E2D6490}.Debug|Any CPU.ActiveCfg = Debug|Any CPU
		{328B3E4D-C3F7-4394-BD74-78497E2D6490}.Debug|Any CPU.Build.0 = Debug|Any CPU
		{328B3E4D-C3F7-4394-BD74-78497E2D6490}.Debug|x64.ActiveCfg = Debug|Any CPU
		{328B3E4D-C3F7-4394-BD74-78497E2D6490}.Debug|x64.Build.0 = Debug|Any CPU
		{328B3E4D-C3F7-4394-BD74-78497E2D6490}.Debug|x86.ActiveCfg = Debug|Any CPU
		{328B3E4D-C3F7-4394-BD74-78497E2D6490}.Debug|x86.Build.0 = Debug|Any CPU
		{328B3E4D-C3F7-4394-BD74-78497E2D6490}.Release|Any CPU.ActiveCfg = Release|Any CPU
		{328B3E4D-C3F7-4394-BD74-78497E2D6490}.Release|Any CPU.Build.0 = Release|Any CPU
		{328B3E4D-C3F7-4394-BD74-78497E2D6490}.Release|x64.ActiveCfg = Release|Any CPU
		{328B3E4D-C3F7-4394-BD74-78497E2D6490}.Release|x64.Build.0 = Release|Any CPU
		{328B3E4D-C3F7-4394-BD74-78497E2D6490}.Release|x86.ActiveCfg = Release|Any CPU
		{328B3E4D-C3F7-4394-BD74-78497E2D6490}.Release|x86.Build.0 = Release|Any CPU
		{72339CB7-609C-4651-81A9-7A68974AC5F9}.Debug|Any CPU.ActiveCfg = Debug|Any CPU
		{72339CB7-609C-4651-81A9-7A68974AC5F9}.Debug|Any CPU.Build.0 = Debug|Any CPU
		{72339CB7-609C-4651-81A9-7A68974AC5F9}.Debug|x64.ActiveCfg = Debug|Any CPU
		{72339CB7-609C-4651-81A9-7A68974AC5F9}.Debug|x64.Build.0 = Debug|Any CPU
		{72339CB7-609C-4651-81A9-7A68974AC5F9}.Debug|x86.ActiveCfg = Debug|Any CPU
		{72339CB7-609C-4651-81A9-7A68974AC5F9}.Debug|x86.Build.0 = Debug|Any CPU
		{72339CB7-609C-4651-81A9-7A68974AC5F9}.Release|Any CPU.ActiveCfg = Release|Any CPU
		{72339CB7-609C-4651-81A9-7A68974AC5F9}.Release|Any CPU.Build.0 = Release|Any CPU
		{72339CB7-609C-4651-81A9-7A68974AC5F9}.Release|x64.ActiveCfg = Release|Any CPU
		{72339CB7-609C-4651-81A9-7A68974AC5F9}.Release|x64.Build.0 = Release|Any CPU
		{72339CB7-609C-4651-81A9-7A68974AC5F9}.Release|x86.ActiveCfg = Release|Any CPU
		{72339CB7-609C-4651-81A9-7A68974AC5F9}.Release|x86.Build.0 = Release|Any CPU
	EndGlobalSection
	GlobalSection(SolutionProperties) = preSolution
		HideSolutionNode = FALSE
	EndGlobalSection
	GlobalSection(NestedProjects) = preSolution
		{EC94E638-B1AE-4DA1-8B05-184143FF88B9} = {827E0CD3-B72D-47B6-A68D-7590B98EB39B}
		{0F6ED6C5-93F1-722C-6DA7-9369A4E5B065} = {0C88DD14-F956-CE84-757C-A364CCF449FC}
		{B5234FD2-6BC9-4C7A-8F82-D423EF9EF083} = {0F6ED6C5-93F1-722C-6DA7-9369A4E5B065}
		{A9E3DA43-AB66-7F0A-6B42-193660DA0E1D} = {0C88DD14-F956-CE84-757C-A364CCF449FC}
		{328B3E4D-C3F7-4394-BD74-78497E2D6490} = {A9E3DA43-AB66-7F0A-6B42-193660DA0E1D}
		{72339CB7-609C-4651-81A9-7A68974AC5F9} = {827E0CD3-B72D-47B6-A68D-7590B98EB39B}
	EndGlobalSection
EndGlobal
